<?xml version="1.0" encoding="utf-8"?>
<Project ToolsVersion="4.0" xmlns="http://schemas.microsoft.com/developer/msbuild/2003">
  <ItemGroup>
    <Filter Include="Source Files">
      <UniqueIdentifier>{4FC737F1-C7A5-4376-A066-2A32D752A2FF}</UniqueIdentifier>
      <Extensions>cpp;c;cc;cxx;def;odl;idl;hpj;bat;asm;asmx</Extensions>
    </Filter>
    <Filter Include="Header Files">
      <UniqueIdentifier>{93995380-89BD-4b04-88EB-625FBE52EBFB}</UniqueIdentifier>
      <Extensions>h;hh;hpp;hxx;hm;inl;inc;xsd</Extensions>
    </Filter>
    <Filter Include="Resource Files">
      <UniqueIdentifier>{67DA6AB6-F800-4c08-8B7A-83BB121AAD01}</UniqueIdentifier>
      <Extensions>rc;ico;cur;bmp;dlg;rc2;rct;bin;rgs;gif;jpg;jpeg;jpe;resx;tiff;tif;png;wav;mfcribbon-ms</Extensions>
    </Filter>
    <Filter Include="Shaders">
      <UniqueIdentifier>{b0d842a4-dccd-4fe3-ae72-dd0ff2b84e5d}</UniqueIdentifier>
    </Filter>
    <Filter Include="imgui">
      <UniqueIdentifier>{cf4ecbf7-97c4-4dc6-8b2c-f302fe37460a}</UniqueIdentifier>
    </Filter>
    <Filter Include="nv_helpers_dx12">
      <UniqueIdentifier>{f84f36c9-91d1-480b-9e51-d71b434ee706}</UniqueIdentifier>
    </Filter>
    <Filter Include="Resource Files\Scenes">
      <UniqueIdentifier>{742a6682-0ac5-46f7-8de1-63fb4bcd0edc}</UniqueIdentifier>
    </Filter>
    <Filter Include="Shaders\BxDF">
      <UniqueIdentifier>{be4f5f61-a46b-42cc-a095-2f464586a162}</UniqueIdentifier>
    </Filter>
  </ItemGroup>
  <ItemGroup>
    <ClCompile Include="FrameResource.cpp">
      <Filter>Source Files</Filter>
    </ClCompile>
    <ClCompile Include="..\Common\Camera.cpp">
      <Filter>Source Files</Filter>
    </ClCompile>
    <ClCompile Include="..\Common\d3dApp.cpp">
      <Filter>Source Files</Filter>
    </ClCompile>
    <ClCompile Include="..\Common\d3dUtil.cpp">
      <Filter>Source Files</Filter>
    </ClCompile>
    <ClCompile Include="..\Common\DDSTextureLoader.cpp">
      <Filter>Source Files</Filter>
    </ClCompile>
    <ClCompile Include="..\Common\GameTimer.cpp">
      <Filter>Source Files</Filter>
    </ClCompile>
    <ClCompile Include="..\Common\GeometryGenerator.cpp">
      <Filter>Source Files</Filter>
    </ClCompile>
    <ClCompile Include="..\Common\MathHelper.cpp">
      <Filter>Source Files</Filter>
    </ClCompile>
    <ClCompile Include="MainApp.cpp">
      <Filter>Source Files</Filter>
    </ClCompile>
    <ClCompile Include="imgui\imgui.cpp">
      <Filter>imgui</Filter>
    </ClCompile>
    <ClCompile Include="imgui\imgui_demo.cpp">
      <Filter>imgui</Filter>
    </ClCompile>
    <ClCompile Include="imgui\imgui_draw.cpp">
      <Filter>imgui</Filter>
    </ClCompile>
    <ClCompile Include="imgui\imgui_impl_dx12.cpp">
      <Filter>imgui</Filter>
    </ClCompile>
    <ClCompile Include="imgui\imgui_impl_win32.cpp">
      <Filter>imgui</Filter>
    </ClCompile>
    <ClCompile Include="imgui\imgui_tables.cpp">
      <Filter>imgui</Filter>
    </ClCompile>
    <ClCompile Include="imgui\imgui_widgets.cpp">
      <Filter>imgui</Filter>
    </ClCompile>
    <ClCompile Include="Core\PathTracer.cpp">
      <Filter>Source Files</Filter>
    </ClCompile>
    <ClCompile Include="nv_helpers_dx12\BottomLevelASGenerator.cpp">
      <Filter>nv_helpers_dx12</Filter>
    </ClCompile>
    <ClCompile Include="nv_helpers_dx12\RaytracingPipelineGenerator.cpp">
      <Filter>nv_helpers_dx12</Filter>
    </ClCompile>
    <ClCompile Include="nv_helpers_dx12\RootSignatureGenerator.cpp">
      <Filter>nv_helpers_dx12</Filter>
    </ClCompile>
    <ClCompile Include="nv_helpers_dx12\ShaderBindingTableGenerator.cpp">
      <Filter>nv_helpers_dx12</Filter>
    </ClCompile>
    <ClCompile Include="nv_helpers_dx12\TopLevelASGenerator.cpp">
      <Filter>nv_helpers_dx12</Filter>
    </ClCompile>
    <ClCompile Include="Utils\WSceneDescParser.cpp">
      <Filter>Source Files</Filter>
    </ClCompile>
  </ItemGroup>
  <ItemGroup>
    <ClInclude Include="imgui\imconfig.h">
      <Filter>imgui</Filter>
    </ClInclude>
    <ClInclude Include="imgui\imgui.h">
      <Filter>imgui</Filter>
    </ClInclude>
    <ClInclude Include="imgui\imgui_impl_dx12.h">
      <Filter>imgui</Filter>
    </ClInclude>
    <ClInclude Include="imgui\imgui_impl_win32.h">
      <Filter>imgui</Filter>
    </ClInclude>
    <ClInclude Include="imgui\imgui_internal.h">
      <Filter>imgui</Filter>
    </ClInclude>
    <ClInclude Include="imgui\imstb_rectpack.h">
      <Filter>imgui</Filter>
    </ClInclude>
    <ClInclude Include="imgui\imstb_textedit.h">
      <Filter>imgui</Filter>
    </ClInclude>
    <ClInclude Include="imgui\imstb_truetype.h">
      <Filter>imgui</Filter>
    </ClInclude>
    <ClInclude Include="..\Common\Camera.h">
      <Filter>Header Files</Filter>
    </ClInclude>
    <ClInclude Include="..\Common\d3dApp.h">
      <Filter>Header Files</Filter>
    </ClInclude>
    <ClInclude Include="..\Common\d3dUtil.h">
      <Filter>Header Files</Filter>
    </ClInclude>
    <ClInclude Include="..\Common\d3dx12.h">
      <Filter>Header Files</Filter>
    </ClInclude>
    <ClInclude Include="..\Common\DDSTextureLoader.h">
      <Filter>Header Files</Filter>
    </ClInclude>
    <ClInclude Include="..\Common\GameTimer.h">
      <Filter>Header Files</Filter>
    </ClInclude>
    <ClInclude Include="..\Common\GeometryGenerator.h">
      <Filter>Header Files</Filter>
    </ClInclude>
    <ClInclude Include="..\Common\MathHelper.h">
      <Filter>Header Files</Filter>
    </ClInclude>
    <ClInclude Include="..\Common\UploadBuffer.h">
      <Filter>Header Files</Filter>
    </ClInclude>
    <ClInclude Include="FrameResource.h">
      <Filter>Header Files</Filter>
    </ClInclude>
    <ClInclude Include="Include\WGUILayout.h">
      <Filter>Header Files</Filter>
    </ClInclude>
    <ClInclude Include="Core\PathTracer.h">
      <Filter>Header Files</Filter>
    </ClInclude>
    <ClInclude Include="Include\GeometryShape.h">
      <Filter>Header Files</Filter>
    </ClInclude>
    <ClInclude Include="Include\IntersectionHelper.h">
      <Filter>Header Files</Filter>
    </ClInclude>
    <ClInclude Include="DXRHelper.h">
      <Filter>Header Files</Filter>
    </ClInclude>
    <ClInclude Include="nv_helpers_dx12\BottomLevelASGenerator.h">
      <Filter>nv_helpers_dx12</Filter>
    </ClInclude>
    <ClInclude Include="nv_helpers_dx12\RaytracingPipelineGenerator.h">
      <Filter>nv_helpers_dx12</Filter>
    </ClInclude>
    <ClInclude Include="nv_helpers_dx12\RootSignatureGenerator.h">
      <Filter>nv_helpers_dx12</Filter>
    </ClInclude>
    <ClInclude Include="nv_helpers_dx12\ShaderBindingTableGenerator.h">
      <Filter>nv_helpers_dx12</Filter>
    </ClInclude>
    <ClInclude Include="nv_helpers_dx12\TopLevelASGenerator.h">
      <Filter>nv_helpers_dx12</Filter>
    </ClInclude>
    <ClInclude Include="Utils\WSceneDescParser.h">
      <Filter>Header Files</Filter>
    </ClInclude>
    <ClInclude Include="Include\tiny_obj_loader.h">
      <Filter>Header Files</Filter>
    </ClInclude>
  </ItemGroup>
  <ItemGroup>
    <Xml Include="..\Scenes\CornellBox.xml">
      <Filter>Resource Files\Scenes</Filter>
    </Xml>
  </ItemGroup>
  <ItemGroup>
    <FxCompile Include="Shaders\RayTracing\ClosestHit_Diffuse.hlsl">
      <Filter>Shaders</Filter>
    </FxCompile>
    <FxCompile Include="Shaders\RayTracing\Common.hlsl">
      <Filter>Shaders</Filter>
    </FxCompile>
    <FxCompile Include="Shaders\RayTracing\Helpers.hlsl">
      <Filter>Shaders</Filter>
    </FxCompile>
    <FxCompile Include="Shaders\RayTracing\Hit.hlsl">
      <Filter>Shaders</Filter>
    </FxCompile>
    <FxCompile Include="Shaders\RayTracing\Hit_Shadow.hlsl">
      <Filter>Shaders</Filter>
    </FxCompile>
    <FxCompile Include="Shaders\RayTracing\HitCommon.hlsl">
      <Filter>Shaders</Filter>
    </FxCompile>
    <FxCompile Include="Shaders\RayTracing\Intersection.hlsl">
      <Filter>Shaders</Filter>
    </FxCompile>
    <FxCompile Include="Shaders\RayTracing\Light.hlsl">
      <Filter>Shaders</Filter>
    </FxCompile>
    <FxCompile Include="Shaders\RayTracing\Miss.hlsl">
      <Filter>Shaders</Filter>
    </FxCompile>
    <FxCompile Include="Shaders\RayTracing\PBR.hlsl">
      <Filter>Shaders</Filter>
    </FxCompile>
    <FxCompile Include="Shaders\RayTracing\Random.hlsl">
      <Filter>Shaders</Filter>
    </FxCompile>
    <FxCompile Include="Shaders\RayTracing\RayGen.hlsl">
      <Filter>Shaders</Filter>
    </FxCompile>
    <FxCompile Include="Shaders\RayTracing\Sampling.hlsl">
      <Filter>Shaders</Filter>
    </FxCompile>
    <FxCompile Include="Shaders\RayTracing\BxDF\BSDFCommon.hlsl">
      <Filter>Shaders\BxDF</Filter>
    </FxCompile>
    <FxCompile Include="Shaders\RayTracing\fresnel.hlsl">
      <Filter>Shaders</Filter>
    </FxCompile>
    <FxCompile Include="Shaders\RayTracing\microfacet.hlsl">
      <Filter>Shaders</Filter>
    </FxCompile>
    <FxCompile Include="Shaders\RayTracing\BxDF\DisneyDiffuse.hlsl">
      <Filter>Shaders\BxDF</Filter>
    </FxCompile>
    <FxCompile Include="Shaders\RayTracing\BxDF\LambertianReflection.hlsl">
      <Filter>Shaders\BxDF</Filter>
    </FxCompile>
    <FxCompile Include="Shaders\RayTracing\BxDF\LambertianTransmission.hlsl">
      <Filter>Shaders\BxDF</Filter>
    </FxCompile>
    <FxCompile Include="Shaders\RayTracing\BxDF\MicrofacetReflection.hlsl">
      <Filter>Shaders\BxDF</Filter>
    </FxCompile>
    <FxCompile Include="Shaders\RayTracing\BxDF\MicrofacetTransmission.hlsl">
      <Filter>Shaders\BxDF</Filter>
    </FxCompile>
    <FxCompile Include="Shaders\RayTracing\BxDF\SpecularReflection.hlsl">
      <Filter>Shaders\BxDF</Filter>
    </FxCompile>
    <FxCompile Include="Shaders\RayTracing\BxDF\SpecularTransmission.hlsl">
      <Filter>Shaders\BxDF</Filter>
    </FxCompile>
    <FxCompile Include="Shaders\RayTracing\Hit_GlassMaterial.hlsl">
      <Filter>Shaders</Filter>
    </FxCompile>
    <FxCompile Include="Shaders\RayTracing\Hit_LambertianBxDF.hlsl">
      <Filter>Shaders</Filter>
    </FxCompile>
    <FxCompile Include="Shaders\RayTracing\Hit_MicrofacetBxDF.hlsl">
      <Filter>Shaders</Filter>
    </FxCompile>
    <FxCompile Include="Shaders\RayTracing\Hit_SpecularBxDF.hlsl">
      <Filter>Shaders</Filter>
    </FxCompile>
    <FxCompile Include="Shaders\RayTracing\Hit_GlassSpecularMaterial.hlsl">
      <Filter>Shaders</Filter>
    </FxCompile>
    <FxCompile Include="Shaders\RayTracing\BxDF\FresnelSpecular.hlsl">
      <Filter>Shaders\BxDF</Filter>
    </FxCompile>
    <FxCompile Include="Shaders\RayTracing\Hit_MatteMaterial.hlsl">
      <Filter>Shaders</Filter>
    </FxCompile>
    <FxCompile Include="Shaders\RayTracing\BxDF\OrenNayar.hlsl">
      <Filter>Shaders\BxDF</Filter>
    </FxCompile>
  </ItemGroup>
</Project>